{
  "name": "purs-tidy",
  "version": "0.11.0",
  "lockfileVersion": 2,
  "requires": true,
  "packages": {
    "": {
      "name": "purs-tidy",
      "version": "0.11.0",
      "license": "MIT",
      "bin": {
        "purs-tidy": "bin/index.js"
      },
      "devDependencies": {
        "purs-backend-es": "^1.3.1"
      }
    },
    "node_modules/purs-backend-es": {
      "version": "1.3.1",
      "resolved": "https://registry.npmjs.org/purs-backend-es/-/purs-backend-es-1.3.1.tgz",
      "integrity": "sha512-0s085kcv52Bux2aL5E78FT7db3LBbnF2FO92L2gC/SN/D1effbyCnYW7GSanUgBk4XcLWNJ/LA2c8vZ5lzBPhg==",
      "dev": true,
      "bin": {
        "purs-backend-es": "index.js"
      }
    }
  },
  "dependencies": {
    "purs-backend-es": {
      "version": "1.3.1",
      "resolved": "https://registry.npmjs.org/purs-backend-es/-/purs-backend-es-1.3.1.tgz",
      "integrity": "sha512-0s085kcv52Bux2aL5E78FT7db3LBbnF2FO92L2gC/SN/D1effbyCnYW7GSanUgBk4XcLWNJ/LA2c8vZ5lzBPhg==",
      "dev": true
    }
  }
}
