{
  "name": "purs-tidy",
  "version": "0.9.2",
  "lockfileVersion": 2,
  "requires": true,
  "packages": {
    "": {
      "name": "purs-tidy",
      "version": "0.9.2",
      "license": "MIT",
      "bin": {
        "purs-tidy": "bin/index.js"
      },
      "devDependencies": {
        "purs-backend-es": "^1.0.2"
      }
    },
    "node_modules/purs-backend-es": {
      "version": "1.0.2",
      "resolved": "https://registry.npmjs.org/purs-backend-es/-/purs-backend-es-1.0.2.tgz",
      "integrity": "sha512-XLCgXyV15q9PJL8vH69jJ7Hjt8JdOIGQB6WDXqAROz1qk7XSiaVXWk4jAgyTo5iov+hAaH8D+aw227lWhI5fDA==",
      "dev": true,
      "bin": {
        "purs-backend-es": "index.js"
      }
    }
  },
  "dependencies": {
    "purs-backend-es": {
      "version": "1.0.2",
      "resolved": "https://registry.npmjs.org/purs-backend-es/-/purs-backend-es-1.0.2.tgz",
      "integrity": "sha512-XLCgXyV15q9PJL8vH69jJ7Hjt8JdOIGQB6WDXqAROz1qk7XSiaVXWk4jAgyTo5iov+hAaH8D+aw227lWhI5fDA==",
      "dev": true
    }
  }
}
